
Microsoft Visual Studio Solution File, Format Version 12.00
# Visual Studio Version 17
VisualStudioVersion = 17.11.35222.181
MinimumVisualStudioVersion = 10.0.40219.1
Project("{9A19103F-16F7-4668-BE54-9A1E7A4F7556}") = "SmartHomeMauiApp", "SmartHomeMauiApp\SmartHomeMauiApp.csproj", "{C100653C-C321-4F44-AF48-28F831FD9CBA}"
EndProject
Project("{9A19103F-16F7-4668-BE54-9A1E7A4F7556}") = "Shared.Library", "Shared.Library\Shared.Library.csproj", "{406507F0-DE2F-4A6A-8E77-42FB099E4CE0}"
EndProject
Project("{9A19103F-16F7-4668-BE54-9A1E7A4F7556}") = "TemplateApp", "TemplateApp\TemplateApp.csproj", "{4F23D015-6354-414D-8E52-B84BFF7A1E7B}"
EndProject
Project("{9A19103F-16F7-4668-BE54-9A1E7A4F7556}") = "AzureFunctions", "AzureFunctions\AzureFunctions.csproj", "{B21155F5-DDE2-48B3-A61D-4B2528630DA3}"
EndProject
Project("{FAE04EC0-301F-11D3-BF4B-00C04F79EFBC}") = "SmartHomeMauiApp.Tests", "SmartHomeMauiApp.Tests\SmartHomeMauiApp.Tests.csproj", "{0C078F28-D66E-42FE-A582-BAE7292A113B}"
EndProject
Global
	GlobalSection(SolutionConfigurationPlatforms) = preSolution
		Debug|Any CPU = Debug|Any CPU
		Release|Any CPU = Release|Any CPU
	EndGlobalSection
	GlobalSection(ProjectConfigurationPlatforms) = postSolution
		{C100653C-C321-4F44-AF48-28F831FD9CBA}.Debug|Any CPU.ActiveCfg = Debug|Any CPU
		{C100653C-C321-4F44-AF48-28F831FD9CBA}.Debug|Any CPU.Build.0 = Debug|Any CPU
		{C100653C-C321-4F44-AF48-28F831FD9CBA}.Debug|Any CPU.Deploy.0 = Debug|Any CPU
		{C100653C-C321-4F44-AF48-28F831FD9CBA}.Release|Any CPU.ActiveCfg = Release|Any CPU
		{C100653C-C321-4F44-AF48-28F831FD9CBA}.Release|Any CPU.Build.0 = Release|Any CPU
		{C100653C-C321-4F44-AF48-28F831FD9CBA}.Release|Any CPU.Deploy.0 = Release|Any CPU
		{406507F0-DE2F-4A6A-8E77-42FB099E4CE0}.Debug|Any CPU.ActiveCfg = Debug|Any CPU
		{406507F0-DE2F-4A6A-8E77-42FB099E4CE0}.Debug|Any CPU.Build.0 = Debug|Any CPU
		{406507F0-DE2F-4A6A-8E77-42FB099E4CE0}.Release|Any CPU.ActiveCfg = Release|Any CPU
		{406507F0-DE2F-4A6A-8E77-42FB099E4CE0}.Release|Any CPU.Build.0 = Release|Any CPU
		{4F23D015-6354-414D-8E52-B84BFF7A1E7B}.Debug|Any CPU.ActiveCfg = Debug|Any CPU
		{4F23D015-6354-414D-8E52-B84BFF7A1E7B}.Debug|Any CPU.Build.0 = Debug|Any CPU
		{4F23D015-6354-414D-8E52-B84BFF7A1E7B}.Debug|Any CPU.Deploy.0 = Debug|Any CPU
		{4F23D015-6354-414D-8E52-B84BFF7A1E7B}.Release|Any CPU.ActiveCfg = Release|Any CPU
		{4F23D015-6354-414D-8E52-B84BFF7A1E7B}.Release|Any CPU.Build.0 = Release|Any CPU
		{4F23D015-6354-414D-8E52-B84BFF7A1E7B}.Release|Any CPU.Deploy.0 = Release|Any CPU
		{B21155F5-DDE2-48B3-A61D-4B2528630DA3}.Debug|Any CPU.ActiveCfg = Debug|Any CPU
		{B21155F5-DDE2-48B3-A61D-4B2528630DA3}.Debug|Any CPU.Build.0 = Debug|Any CPU
		{B21155F5-DDE2-48B3-A61D-4B2528630DA3}.Release|Any CPU.ActiveCfg = Release|Any CPU
		{B21155F5-DDE2-48B3-A61D-4B2528630DA3}.Release|Any CPU.Build.0 = Release|Any CPU
		{0C078F28-D66E-42FE-A582-BAE7292A113B}.Debug|Any CPU.ActiveCfg = Debug|Any CPU
		{0C078F28-D66E-42FE-A582-BAE7292A113B}.Debug|Any CPU.Build.0 = Debug|Any CPU
		{0C078F28-D66E-42FE-A582-BAE7292A113B}.Release|Any CPU.ActiveCfg = Release|Any CPU
		{0C078F28-D66E-42FE-A582-BAE7292A113B}.Release|Any CPU.Build.0 = Release|Any CPU
	EndGlobalSection
	GlobalSection(SolutionProperties) = preSolution
		HideSolutionNode = FALSE
	EndGlobalSection
	GlobalSection(ExtensibilityGlobals) = postSolution
		SolutionGuid = {6B4DB6D4-F8A4-44CB-923E-1D6263593ABE}
	EndGlobalSection
EndGlobal
